{
  "name": "web-order-table",
  "version": "1.0.0",
  "lockfileVersion": 2,
  "requires": true,
  "packages": {
    "": {
      "name": "web-order-table",
      "version": "1.0.0",
      "license": "ISC",
      "devDependencies": {
        "webpack": "npm:undefined@*",
        "webpack-cli": "npm:undefined@*"
      }
    },
    "node_modules/webpack": {
      "dev": true
    },
    "node_modules/webpack-cli": {
      "dev": true
    }
  },
  "dependencies": {
    "webpack": {
      "dev": true
    },
    "webpack-cli": {
      "dev": true
    }
  }
}
